{
  "name": "stylesheet",
  "lockfileVersion": 3,
  "requires": true,
  "packages": {
    "": {
      "dependencies": {
        "wingcss": "^1.0.0-beta"
      }
    },
    "node_modules/wingcss": {
      "version": "1.0.0-beta",
      "resolved": "https://registry.npmjs.org/wingcss/-/wingcss-1.0.0-beta.tgz",
      "integrity": "sha512-yGfa9ik9qTLgr6vaNA2WA2h4HUEuN8fIflVhSllWPNG4mIyQaDk8O5ZqY1l9Q5mPC2HrngfKVSIAw+kKSHzSmw==",
      "license": "MIT"
    }
  }
}
